
Microsoft Visual Studio Solution File, Format Version 12.00
# Visual Studio Version 17
VisualStudioVersion = 17.7.34221.43
MinimumVisualStudioVersion = 10.0.40219.1
Project("{8BC9CEB8-8B4A-11D0-8D11-00A0C91BC942}") = "LXML2glTF", "LXML2glTF\LXML2glTF.vcxproj", "{62151DF1-40A3-41C2-A667-D11F28306425}"
	ProjectSection(ProjectDependencies) = postProject
		{16E41D09-A011-4C1C-BB13-E460DEE97A62} = {16E41D09-A011-4C1C-BB13-E460DEE97A62}
		{9C95AB72-1C12-4D69-9133-52FB8EF85B79} = {9C95AB72-1C12-4D69-9133-52FB8EF85B79}
	EndProjectSection
EndProject
Project("{8BC9CEB8-8B4A-11D0-8D11-00A0C91BC942}") = "LandXML2glTFDll", "LandXML2glTFDll\LandXML2glTFDll.vcxproj", "{9C95AB72-1C12-4D69-9133-52FB8EF85B79}"
EndProject
Project("{8BC9CEB8-8B4A-11D0-8D11-00A0C91BC942}") = "XCopyFiles", "XCopyFiles\XCopyFiles.vcxproj", "{16E41D09-A011-4C1C-BB13-E460DEE97A62}"
	ProjectSection(ProjectDependencies) = postProject
		{9C95AB72-1C12-4D69-9133-52FB8EF85B79} = {9C95AB72-1C12-4D69-9133-52FB8EF85B79}
	EndProjectSection
EndProject
Global
	GlobalSection(SolutionConfigurationPlatforms) = preSolution
		Debug|x64 = Debug|x64
		Release|x64 = Release|x64
	EndGlobalSection
	GlobalSection(ProjectConfigurationPlatforms) = postSolution
		{62151DF1-40A3-41C2-A667-D11F28306425}.Debug|x64.ActiveCfg = Debug|x64
		{62151DF1-40A3-41C2-A667-D11F28306425}.Debug|x64.Build.0 = Debug|x64
		{62151DF1-40A3-41C2-A667-D11F28306425}.Release|x64.ActiveCfg = Release|x64
		{62151DF1-40A3-41C2-A667-D11F28306425}.Release|x64.Build.0 = Release|x64
		{9C95AB72-1C12-4D69-9133-52FB8EF85B79}.Debug|x64.ActiveCfg = Debug|x64
		{9C95AB72-1C12-4D69-9133-52FB8EF85B79}.Debug|x64.Build.0 = Debug|x64
		{9C95AB72-1C12-4D69-9133-52FB8EF85B79}.Release|x64.ActiveCfg = Release|x64
		{9C95AB72-1C12-4D69-9133-52FB8EF85B79}.Release|x64.Build.0 = Release|x64
		{16E41D09-A011-4C1C-BB13-E460DEE97A62}.Debug|x64.ActiveCfg = Debug|x64
		{16E41D09-A011-4C1C-BB13-E460DEE97A62}.Debug|x64.Build.0 = Debug|x64
		{16E41D09-A011-4C1C-BB13-E460DEE97A62}.Release|x64.ActiveCfg = Release|x64
		{16E41D09-A011-4C1C-BB13-E460DEE97A62}.Release|x64.Build.0 = Release|x64
	EndGlobalSection
	GlobalSection(SolutionProperties) = preSolution
		HideSolutionNode = FALSE
	EndGlobalSection
	GlobalSection(ExtensibilityGlobals) = postSolution
		SolutionGuid = {DF02EA4A-5367-40F7-B6CA-E91286592073}
	EndGlobalSection
EndGlobal
