<?xml version="1.0" encoding="utf-8"?>
<Project ToolsVersion="15.0" xmlns="http://schemas.microsoft.com/developer/msbuild/2003">
  <ItemGroup>
    <Filter Include="Resource Files">
      <UniqueIdentifier>{67DA6AB6-F800-4c08-8B7A-83BB121AAD01}</UniqueIdentifier>
      <Extensions>rc;ico;cur;bmp;dlg;rc2;rct;bin;rgs;gif;jpg;jpeg;jpe;resx;tga;tiff;tif;png;wav;mfcribbon-ms</Extensions>
    </Filter>
    <Filter Include="Header Files">
      <UniqueIdentifier>{6e97c641-0a05-4130-b48e-fb08128bba15}</UniqueIdentifier>
    </Filter>
    <Filter Include="Source Files">
      <UniqueIdentifier>{a16036ae-49ca-43f5-a04d-2463c7da181e}</UniqueIdentifier>
    </Filter>
  </ItemGroup>
  <ItemGroup>
    <ClInclude Include="Inc\framework.h">
      <Filter>Header Files</Filter>
    </ClInclude>
    <ClInclude Include="Inc\LandXML2glTFDll.h">
      <Filter>Header Files</Filter>
    </ClInclude>
    <ClInclude Include="Inc\targetver.h">
      <Filter>Header Files</Filter>
    </ClInclude>
    <ClInclude Include="Inc\LandXMLModel.h">
      <Filter>Header Files</Filter>
    </ClInclude>
  </ItemGroup>
  <ItemGroup>
    <ClCompile Include="source\LandXML2glTFDll.cpp">
      <Filter>Source Files</Filter>
    </ClCompile>
    <ClCompile Include="source\LandXMLModel.cpp">
      <Filter>Source Files</Filter>
    </ClCompile>
  </ItemGroup>
</Project>