<?xml version="1.0" encoding="utf-8"?>
<Project ToolsVersion="15.0" xmlns="http://schemas.microsoft.com/developer/msbuild/2003">
  <ItemGroup>
    <Filter Include="Header Files">
      <UniqueIdentifier>{6e97c641-0a05-4130-b48e-fb08128bba15}</UniqueIdentifier>
    </Filter>
    <Filter Include="Source Files">
      <UniqueIdentifier>{a16036ae-49ca-43f5-a04d-2463c7da181e}</UniqueIdentifier>
    </Filter>
    <Filter Include="Source Files\tinyxml">
      <UniqueIdentifier>{dad2a91d-5ccd-4ecc-8977-7c7122b7b787}</UniqueIdentifier>
    </Filter>
    <Filter Include="Source Files\Helpers">
      <UniqueIdentifier>{3a47f2ee-e07f-43e8-aeca-59f69b65061a}</UniqueIdentifier>
    </Filter>
    <Filter Include="Header Files\Helpers">
      <UniqueIdentifier>{8b8d8e97-c5ac-4119-a38d-2abed0163eec}</UniqueIdentifier>
    </Filter>
    <Filter Include="Header Files\Writers">
      <UniqueIdentifier>{65f22470-9d0d-4e5d-8494-422750d07e40}</UniqueIdentifier>
    </Filter>
    <Filter Include="Header Files\Readers">
      <UniqueIdentifier>{a3735225-65f5-4284-8e0e-4c504c314e5b}</UniqueIdentifier>
    </Filter>
    <Filter Include="Source Files\Readers">
      <UniqueIdentifier>{c9386be3-44e9-4615-b50c-15a127a9e109}</UniqueIdentifier>
    </Filter>
    <Filter Include="Source Files\Writers">
      <UniqueIdentifier>{5e0c9b21-d695-4ade-ae86-a18a2d4d73ae}</UniqueIdentifier>
    </Filter>
    <Filter Include="Header Files\Models">
      <UniqueIdentifier>{e584521e-9184-491d-9d58-64dfc0d398fe}</UniqueIdentifier>
    </Filter>
    <Filter Include="Source Files\Models">
      <UniqueIdentifier>{3406a345-4af6-4748-8d07-b5a155065e25}</UniqueIdentifier>
    </Filter>
  </ItemGroup>
  <ItemGroup>
    <ClInclude Include="Inc\framework.h">
      <Filter>Header Files</Filter>
    </ClInclude>
    <ClInclude Include="Inc\LandXML2glTFDll.h">
      <Filter>Header Files</Filter>
    </ClInclude>
    <ClInclude Include="Inc\targetver.h">
      <Filter>Header Files</Filter>
    </ClInclude>
    <ClInclude Include="Inc\LandXMLModel2glTF.h">
      <Filter>Header Files</Filter>
    </ClInclude>
    <ClInclude Include="Inc\Helpers\MathHelper.h">
      <Filter>Header Files\Helpers</Filter>
    </ClInclude>
    <ClInclude Include="Inc\Readers\LXParser.h">
      <Filter>Header Files\Readers</Filter>
    </ClInclude>
    <ClInclude Include="Inc\Models\LandXML.h">
      <Filter>Header Files\Models</Filter>
    </ClInclude>
    <ClInclude Include="Inc\Writers\GLTFWriter.h">
      <Filter>Header Files\Writers</Filter>
    </ClInclude>
    <ClInclude Include="Inc\Models\GLTFModel.h">
      <Filter>Header Files\Models</Filter>
    </ClInclude>
  </ItemGroup>
  <ItemGroup>
    <ClCompile Include="source\LandXMLModel2glTF.cpp">
      <Filter>Source Files</Filter>
    </ClCompile>
    <ClCompile Include="..\3rdparty\TinyXML\Source\tinyxml2.cpp">
      <Filter>Source Files\tinyxml</Filter>
    </ClCompile>
    <ClCompile Include="source\LandXML2glTFDll.cpp">
      <Filter>Source Files</Filter>
    </ClCompile>
    <ClCompile Include="source\Helpers\MathHelper.cpp">
      <Filter>Source Files\Helpers</Filter>
    </ClCompile>
    <ClCompile Include="source\Readers\LXParser.cpp">
      <Filter>Source Files\Readers</Filter>
    </ClCompile>
    <ClCompile Include="source\Models\LandXML.cpp">
      <Filter>Source Files\Models</Filter>
    </ClCompile>
  </ItemGroup>
</Project>